
Microsoft Visual Studio Solution File, Format Version 12.00
# Visual Studio Version 17
VisualStudioVersion = 17.9.34714.143
MinimumVisualStudioVersion = 10.0.40219.1
Project("{9A19103F-16F7-4668-BE54-9A1E7A4F7556}") = "_11399", "BaekjoonAlgorithm\_11399.csproj", "{D614F993-7D49-4DC5-A854-2FD00FBF7B5F}"
EndProject
Project("{9A19103F-16F7-4668-BE54-9A1E7A4F7556}") = "1026", "1026\1026.csproj", "{4A6C362B-3868-4CB4-B841-F525D32D5534}"
EndProject
Project("{9A19103F-16F7-4668-BE54-9A1E7A4F7556}") = "2108", "2108\2108.csproj", "{DF7A082E-2A19-48FE-AD2F-2BCC7766CDE4}"
EndProject
Project("{9A19103F-16F7-4668-BE54-9A1E7A4F7556}") = "2751", "2751\2751.csproj", "{D4ACEA50-287B-42D4-9135-E2D347E5F93B}"
EndProject
Project("{9A19103F-16F7-4668-BE54-9A1E7A4F7556}") = "1260", "1260\1260.csproj", "{721EDA00-3086-4834-8B32-1013FB66C843}"
EndProject
Project("{9A19103F-16F7-4668-BE54-9A1E7A4F7556}") = "2667", "2667\2667.csproj", "{76119B80-1833-44DF-9A49-C9E5AD4B7E50}"
EndProject
Project("{9A19103F-16F7-4668-BE54-9A1E7A4F7556}") = "2178", "2178\2178.csproj", "{817D24A9-8286-4431-BCE6-5418E40BFE41}"
EndProject
Project("{9A19103F-16F7-4668-BE54-9A1E7A4F7556}") = "1012", "1012\1012.csproj", "{60251DA4-2152-4B97-BA20-D2C5A7E79B95}"
EndProject
Project("{9A19103F-16F7-4668-BE54-9A1E7A4F7556}") = "11724", "11724\11724.csproj", "{1258A2E5-8102-44E4-B8D1-EB1A2D7F7727}"
EndProject
Project("{9A19103F-16F7-4668-BE54-9A1E7A4F7556}") = "11725", "11725\11725.csproj", "{EB2D1BED-DBF4-4133-8EA6-E94163A9D04D}"
EndProject
Project("{9A19103F-16F7-4668-BE54-9A1E7A4F7556}") = "Test", "Test\Test.csproj", "{472729E5-5B68-455D-9BEB-8F23A98CD48B}"
EndProject
Project("{9A19103F-16F7-4668-BE54-9A1E7A4F7556}") = "2941", "2941\2941.csproj", "{DC15C9B3-6868-4C57-832A-3895BAC959EE}"
EndProject
Project("{9A19103F-16F7-4668-BE54-9A1E7A4F7556}") = "25206", "25206\25206.csproj", "{43C62C13-7C63-4BDD-AA7A-73A3A28CDC07}"
EndProject
Project("{9A19103F-16F7-4668-BE54-9A1E7A4F7556}") = "2563", "2563\2563.csproj", "{0463D626-4CB9-4E30-9BA8-32E76F66E85A}"
EndProject
Project("{9A19103F-16F7-4668-BE54-9A1E7A4F7556}") = "2720", "2720\2720.csproj", "{B6AB82A5-D8EF-45F3-A305-7C685D9F9708}"
EndProject
Project("{9A19103F-16F7-4668-BE54-9A1E7A4F7556}") = "2903", "2903\2903.csproj", "{36A01968-82DA-4560-8B0C-AFDC76AEBBEE}"
EndProject
Project("{9A19103F-16F7-4668-BE54-9A1E7A4F7556}") = "2292", "2292\2292.csproj", "{897DA6A9-DC7F-4707-9950-CE6061A0A9C6}"
EndProject
Project("{9A19103F-16F7-4668-BE54-9A1E7A4F7556}") = "1193", "1193\1193.csproj", "{D481DF55-B657-443F-A868-6CDCBE7C9DF7}"
EndProject
Project("{FAE04EC0-301F-11D3-BF4B-00C04F79EFBC}") = "2581", "2581\2581.csproj", "{C5F34D25-4F08-4D3F-B214-F5B1DF154D8A}"
EndProject
Project("{FAE04EC0-301F-11D3-BF4B-00C04F79EFBC}") = "11653", "11653\11653.csproj", "{750773F2-BA5A-4783-902C-AF3B6899CB83}"
EndProject
Global
	GlobalSection(SolutionConfigurationPlatforms) = preSolution
		Debug|Any CPU = Debug|Any CPU
		Release|Any CPU = Release|Any CPU
	EndGlobalSection
	GlobalSection(ProjectConfigurationPlatforms) = postSolution
		{D614F993-7D49-4DC5-A854-2FD00FBF7B5F}.Debug|Any CPU.ActiveCfg = Debug|Any CPU
		{D614F993-7D49-4DC5-A854-2FD00FBF7B5F}.Debug|Any CPU.Build.0 = Debug|Any CPU
		{D614F993-7D49-4DC5-A854-2FD00FBF7B5F}.Release|Any CPU.ActiveCfg = Release|Any CPU
		{D614F993-7D49-4DC5-A854-2FD00FBF7B5F}.Release|Any CPU.Build.0 = Release|Any CPU
		{4A6C362B-3868-4CB4-B841-F525D32D5534}.Debug|Any CPU.ActiveCfg = Debug|Any CPU
		{4A6C362B-3868-4CB4-B841-F525D32D5534}.Debug|Any CPU.Build.0 = Debug|Any CPU
		{4A6C362B-3868-4CB4-B841-F525D32D5534}.Release|Any CPU.ActiveCfg = Release|Any CPU
		{4A6C362B-3868-4CB4-B841-F525D32D5534}.Release|Any CPU.Build.0 = Release|Any CPU
		{DF7A082E-2A19-48FE-AD2F-2BCC7766CDE4}.Debug|Any CPU.ActiveCfg = Debug|Any CPU
		{DF7A082E-2A19-48FE-AD2F-2BCC7766CDE4}.Debug|Any CPU.Build.0 = Debug|Any CPU
		{DF7A082E-2A19-48FE-AD2F-2BCC7766CDE4}.Release|Any CPU.ActiveCfg = Release|Any CPU
		{DF7A082E-2A19-48FE-AD2F-2BCC7766CDE4}.Release|Any CPU.Build.0 = Release|Any CPU
		{D4ACEA50-287B-42D4-9135-E2D347E5F93B}.Debug|Any CPU.ActiveCfg = Debug|Any CPU
		{D4ACEA50-287B-42D4-9135-E2D347E5F93B}.Debug|Any CPU.Build.0 = Debug|Any CPU
		{D4ACEA50-287B-42D4-9135-E2D347E5F93B}.Release|Any CPU.ActiveCfg = Release|Any CPU
		{D4ACEA50-287B-42D4-9135-E2D347E5F93B}.Release|Any CPU.Build.0 = Release|Any CPU
		{721EDA00-3086-4834-8B32-1013FB66C843}.Debug|Any CPU.ActiveCfg = Debug|Any CPU
		{721EDA00-3086-4834-8B32-1013FB66C843}.Debug|Any CPU.Build.0 = Debug|Any CPU
		{721EDA00-3086-4834-8B32-1013FB66C843}.Release|Any CPU.ActiveCfg = Release|Any CPU
		{721EDA00-3086-4834-8B32-1013FB66C843}.Release|Any CPU.Build.0 = Release|Any CPU
		{76119B80-1833-44DF-9A49-C9E5AD4B7E50}.Debug|Any CPU.ActiveCfg = Debug|Any CPU
		{76119B80-1833-44DF-9A49-C9E5AD4B7E50}.Debug|Any CPU.Build.0 = Debug|Any CPU
		{76119B80-1833-44DF-9A49-C9E5AD4B7E50}.Release|Any CPU.ActiveCfg = Release|Any CPU
		{76119B80-1833-44DF-9A49-C9E5AD4B7E50}.Release|Any CPU.Build.0 = Release|Any CPU
		{817D24A9-8286-4431-BCE6-5418E40BFE41}.Debug|Any CPU.ActiveCfg = Debug|Any CPU
		{817D24A9-8286-4431-BCE6-5418E40BFE41}.Debug|Any CPU.Build.0 = Debug|Any CPU
		{817D24A9-8286-4431-BCE6-5418E40BFE41}.Release|Any CPU.ActiveCfg = Release|Any CPU
		{817D24A9-8286-4431-BCE6-5418E40BFE41}.Release|Any CPU.Build.0 = Release|Any CPU
		{60251DA4-2152-4B97-BA20-D2C5A7E79B95}.Debug|Any CPU.ActiveCfg = Debug|Any CPU
		{60251DA4-2152-4B97-BA20-D2C5A7E79B95}.Debug|Any CPU.Build.0 = Debug|Any CPU
		{60251DA4-2152-4B97-BA20-D2C5A7E79B95}.Release|Any CPU.ActiveCfg = Release|Any CPU
		{60251DA4-2152-4B97-BA20-D2C5A7E79B95}.Release|Any CPU.Build.0 = Release|Any CPU
		{1258A2E5-8102-44E4-B8D1-EB1A2D7F7727}.Debug|Any CPU.ActiveCfg = Debug|Any CPU
		{1258A2E5-8102-44E4-B8D1-EB1A2D7F7727}.Debug|Any CPU.Build.0 = Debug|Any CPU
		{1258A2E5-8102-44E4-B8D1-EB1A2D7F7727}.Release|Any CPU.ActiveCfg = Release|Any CPU
		{1258A2E5-8102-44E4-B8D1-EB1A2D7F7727}.Release|Any CPU.Build.0 = Release|Any CPU
		{EB2D1BED-DBF4-4133-8EA6-E94163A9D04D}.Debug|Any CPU.ActiveCfg = Debug|Any CPU
		{EB2D1BED-DBF4-4133-8EA6-E94163A9D04D}.Debug|Any CPU.Build.0 = Debug|Any CPU
		{EB2D1BED-DBF4-4133-8EA6-E94163A9D04D}.Release|Any CPU.ActiveCfg = Release|Any CPU
		{EB2D1BED-DBF4-4133-8EA6-E94163A9D04D}.Release|Any CPU.Build.0 = Release|Any CPU
		{472729E5-5B68-455D-9BEB-8F23A98CD48B}.Debug|Any CPU.ActiveCfg = Debug|Any CPU
		{472729E5-5B68-455D-9BEB-8F23A98CD48B}.Debug|Any CPU.Build.0 = Debug|Any CPU
		{472729E5-5B68-455D-9BEB-8F23A98CD48B}.Release|Any CPU.ActiveCfg = Release|Any CPU
		{472729E5-5B68-455D-9BEB-8F23A98CD48B}.Release|Any CPU.Build.0 = Release|Any CPU
		{DC15C9B3-6868-4C57-832A-3895BAC959EE}.Debug|Any CPU.ActiveCfg = Debug|Any CPU
		{DC15C9B3-6868-4C57-832A-3895BAC959EE}.Debug|Any CPU.Build.0 = Debug|Any CPU
		{DC15C9B3-6868-4C57-832A-3895BAC959EE}.Release|Any CPU.ActiveCfg = Release|Any CPU
		{DC15C9B3-6868-4C57-832A-3895BAC959EE}.Release|Any CPU.Build.0 = Release|Any CPU
		{43C62C13-7C63-4BDD-AA7A-73A3A28CDC07}.Debug|Any CPU.ActiveCfg = Debug|Any CPU
		{43C62C13-7C63-4BDD-AA7A-73A3A28CDC07}.Debug|Any CPU.Build.0 = Debug|Any CPU
		{43C62C13-7C63-4BDD-AA7A-73A3A28CDC07}.Release|Any CPU.ActiveCfg = Release|Any CPU
		{43C62C13-7C63-4BDD-AA7A-73A3A28CDC07}.Release|Any CPU.Build.0 = Release|Any CPU
		{0463D626-4CB9-4E30-9BA8-32E76F66E85A}.Debug|Any CPU.ActiveCfg = Debug|Any CPU
		{0463D626-4CB9-4E30-9BA8-32E76F66E85A}.Debug|Any CPU.Build.0 = Debug|Any CPU
		{0463D626-4CB9-4E30-9BA8-32E76F66E85A}.Release|Any CPU.ActiveCfg = Release|Any CPU
		{0463D626-4CB9-4E30-9BA8-32E76F66E85A}.Release|Any CPU.Build.0 = Release|Any CPU
		{B6AB82A5-D8EF-45F3-A305-7C685D9F9708}.Debug|Any CPU.ActiveCfg = Debug|Any CPU
		{B6AB82A5-D8EF-45F3-A305-7C685D9F9708}.Debug|Any CPU.Build.0 = Debug|Any CPU
		{B6AB82A5-D8EF-45F3-A305-7C685D9F9708}.Release|Any CPU.ActiveCfg = Release|Any CPU
		{B6AB82A5-D8EF-45F3-A305-7C685D9F9708}.Release|Any CPU.Build.0 = Release|Any CPU
		{36A01968-82DA-4560-8B0C-AFDC76AEBBEE}.Debug|Any CPU.ActiveCfg = Debug|Any CPU
		{36A01968-82DA-4560-8B0C-AFDC76AEBBEE}.Debug|Any CPU.Build.0 = Debug|Any CPU
		{36A01968-82DA-4560-8B0C-AFDC76AEBBEE}.Release|Any CPU.ActiveCfg = Release|Any CPU
		{36A01968-82DA-4560-8B0C-AFDC76AEBBEE}.Release|Any CPU.Build.0 = Release|Any CPU
		{897DA6A9-DC7F-4707-9950-CE6061A0A9C6}.Debug|Any CPU.ActiveCfg = Debug|Any CPU
		{897DA6A9-DC7F-4707-9950-CE6061A0A9C6}.Debug|Any CPU.Build.0 = Debug|Any CPU
		{897DA6A9-DC7F-4707-9950-CE6061A0A9C6}.Release|Any CPU.ActiveCfg = Release|Any CPU
		{897DA6A9-DC7F-4707-9950-CE6061A0A9C6}.Release|Any CPU.Build.0 = Release|Any CPU
		{D481DF55-B657-443F-A868-6CDCBE7C9DF7}.Debug|Any CPU.ActiveCfg = Debug|Any CPU
		{D481DF55-B657-443F-A868-6CDCBE7C9DF7}.Debug|Any CPU.Build.0 = Debug|Any CPU
		{D481DF55-B657-443F-A868-6CDCBE7C9DF7}.Release|Any CPU.ActiveCfg = Release|Any CPU
		{D481DF55-B657-443F-A868-6CDCBE7C9DF7}.Release|Any CPU.Build.0 = Release|Any CPU
		{C5F34D25-4F08-4D3F-B214-F5B1DF154D8A}.Debug|Any CPU.ActiveCfg = Debug|Any CPU
		{C5F34D25-4F08-4D3F-B214-F5B1DF154D8A}.Debug|Any CPU.Build.0 = Debug|Any CPU
		{C5F34D25-4F08-4D3F-B214-F5B1DF154D8A}.Release|Any CPU.ActiveCfg = Release|Any CPU
		{C5F34D25-4F08-4D3F-B214-F5B1DF154D8A}.Release|Any CPU.Build.0 = Release|Any CPU
		{750773F2-BA5A-4783-902C-AF3B6899CB83}.Debug|Any CPU.ActiveCfg = Debug|Any CPU
		{750773F2-BA5A-4783-902C-AF3B6899CB83}.Debug|Any CPU.Build.0 = Debug|Any CPU
		{750773F2-BA5A-4783-902C-AF3B6899CB83}.Release|Any CPU.ActiveCfg = Release|Any CPU
		{750773F2-BA5A-4783-902C-AF3B6899CB83}.Release|Any CPU.Build.0 = Release|Any CPU
	EndGlobalSection
	GlobalSection(SolutionProperties) = preSolution
		HideSolutionNode = FALSE
	EndGlobalSection
	GlobalSection(ExtensibilityGlobals) = postSolution
		SolutionGuid = {A2593B5F-F8B7-4458-BD33-3BD96520ECFD}
	EndGlobalSection
EndGlobal
