
Microsoft Visual Studio Solution File, Format Version 12.00
# Visual Studio Version 17
VisualStudioVersion = 17.9.34714.143
MinimumVisualStudioVersion = 10.0.40219.1
Project("{9A19103F-16F7-4668-BE54-9A1E7A4F7556}") = "_11399", "BaekjoonAlgorithm\_11399.csproj", "{D614F993-7D49-4DC5-A854-2FD00FBF7B5F}"
EndProject
Project("{9A19103F-16F7-4668-BE54-9A1E7A4F7556}") = "1026", "1026\1026.csproj", "{4A6C362B-3868-4CB4-B841-F525D32D5534}"
EndProject
Project("{9A19103F-16F7-4668-BE54-9A1E7A4F7556}") = "2108", "2108\2108.csproj", "{DF7A082E-2A19-48FE-AD2F-2BCC7766CDE4}"
EndProject
Project("{9A19103F-16F7-4668-BE54-9A1E7A4F7556}") = "2751", "2751\2751.csproj", "{D4ACEA50-287B-42D4-9135-E2D347E5F93B}"
EndProject
Project("{9A19103F-16F7-4668-BE54-9A1E7A4F7556}") = "1260", "1260\1260.csproj", "{721EDA00-3086-4834-8B32-1013FB66C843}"
EndProject
Project("{9A19103F-16F7-4668-BE54-9A1E7A4F7556}") = "2667", "2667\2667.csproj", "{76119B80-1833-44DF-9A49-C9E5AD4B7E50}"
EndProject
Project("{9A19103F-16F7-4668-BE54-9A1E7A4F7556}") = "2178", "2178\2178.csproj", "{817D24A9-8286-4431-BCE6-5418E40BFE41}"
EndProject
Project("{9A19103F-16F7-4668-BE54-9A1E7A4F7556}") = "1012", "1012\1012.csproj", "{60251DA4-2152-4B97-BA20-D2C5A7E79B95}"
EndProject
Project("{9A19103F-16F7-4668-BE54-9A1E7A4F7556}") = "11724", "11724\11724.csproj", "{1258A2E5-8102-44E4-B8D1-EB1A2D7F7727}"
EndProject
Project("{9A19103F-16F7-4668-BE54-9A1E7A4F7556}") = "11725", "11725\11725.csproj", "{EB2D1BED-DBF4-4133-8EA6-E94163A9D04D}"
EndProject
Project("{9A19103F-16F7-4668-BE54-9A1E7A4F7556}") = "Test", "Test\Test.csproj", "{472729E5-5B68-455D-9BEB-8F23A98CD48B}"
EndProject
Project("{9A19103F-16F7-4668-BE54-9A1E7A4F7556}") = "2941", "2941\2941.csproj", "{DC15C9B3-6868-4C57-832A-3895BAC959EE}"
EndProject
Project("{9A19103F-16F7-4668-BE54-9A1E7A4F7556}") = "25206", "25206\25206.csproj", "{43C62C13-7C63-4BDD-AA7A-73A3A28CDC07}"
EndProject
Project("{9A19103F-16F7-4668-BE54-9A1E7A4F7556}") = "2563", "2563\2563.csproj", "{0463D626-4CB9-4E30-9BA8-32E76F66E85A}"
EndProject
Project("{9A19103F-16F7-4668-BE54-9A1E7A4F7556}") = "2720", "2720\2720.csproj", "{B6AB82A5-D8EF-45F3-A305-7C685D9F9708}"
EndProject
Project("{9A19103F-16F7-4668-BE54-9A1E7A4F7556}") = "2903", "2903\2903.csproj", "{36A01968-82DA-4560-8B0C-AFDC76AEBBEE}"
EndProject
Project("{9A19103F-16F7-4668-BE54-9A1E7A4F7556}") = "2292", "2292\2292.csproj", "{897DA6A9-DC7F-4707-9950-CE6061A0A9C6}"
EndProject
Project("{9A19103F-16F7-4668-BE54-9A1E7A4F7556}") = "1193", "1193\1193.csproj", "{D481DF55-B657-443F-A868-6CDCBE7C9DF7}"
EndProject
Project("{9A19103F-16F7-4668-BE54-9A1E7A4F7556}") = "2581", "2581\2581.csproj", "{C5F34D25-4F08-4D3F-B214-F5B1DF154D8A}"
EndProject
Project("{9A19103F-16F7-4668-BE54-9A1E7A4F7556}") = "11653", "11653\11653.csproj", "{750773F2-BA5A-4783-902C-AF3B6899CB83}"
EndProject
Project("{9A19103F-16F7-4668-BE54-9A1E7A4F7556}") = "2798", "2798\2798.csproj", "{54FBE552-7ABF-4DD3-9A1F-89F22AADA54E}"
EndProject
Project("{9A19103F-16F7-4668-BE54-9A1E7A4F7556}") = "2231", "2231\2231.csproj", "{953E140A-C50D-4406-86D9-6DC968CA4639}"
EndProject
Project("{9A19103F-16F7-4668-BE54-9A1E7A4F7556}") = "19532", "19532\19532.csproj", "{FF6F3088-27DB-4BD3-9FBD-385C4668CDC7}"
EndProject
Project("{9A19103F-16F7-4668-BE54-9A1E7A4F7556}") = "1018", "1018\1018.csproj", "{D5552859-99A8-43D5-87A4-3E201AAD60B8}"
EndProject
Project("{9A19103F-16F7-4668-BE54-9A1E7A4F7556}") = "1436", "1436\1436.csproj", "{06F36EBB-2578-43BE-88AC-303C9E70D2CE}"
EndProject
Project("{9A19103F-16F7-4668-BE54-9A1E7A4F7556}") = "2839", "2839\2839.csproj", "{286C7C53-5547-4A01-9FC3-C31109ED4645}"
EndProject
Project("{9A19103F-16F7-4668-BE54-9A1E7A4F7556}") = "10989", "10989\10989.csproj", "{24394F24-CD1C-42CB-A49B-97BD83C92F6F}"
EndProject
Project("{9A19103F-16F7-4668-BE54-9A1E7A4F7556}") = "11650", "11650\11650.csproj", "{E1D98539-1B70-45FE-B351-A1CF28B621E5}"
EndProject
Project("{9A19103F-16F7-4668-BE54-9A1E7A4F7556}") = "11651", "11651\11651.csproj", "{3204C25E-3C6E-4596-A5C0-132F379B9828}"
EndProject
Project("{9A19103F-16F7-4668-BE54-9A1E7A4F7556}") = "10814", "10814\10814.csproj", "{B3B9856D-FF44-4DAA-B393-120A7322A248}"
EndProject
Project("{FAE04EC0-301F-11D3-BF4B-00C04F79EFBC}") = "18870", "18870\18870.csproj", "{5431B42C-3F9A-4D14-90F1-85B4176BFC86}"
EndProject
Project("{9A19103F-16F7-4668-BE54-9A1E7A4F7556}") = "10815", "10815\10815.csproj", "{3A3FF930-70D2-4E65-9573-53E98986DE55}"
EndProject
Project("{9A19103F-16F7-4668-BE54-9A1E7A4F7556}") = "14425", "14425\14425.csproj", "{9720F0E8-9782-4CC0-8537-30E3C71580FB}"
EndProject
Project("{9A19103F-16F7-4668-BE54-9A1E7A4F7556}") = "7785", "7785\7785.csproj", "{4FAF65CE-F45B-4D4E-A31D-D7BE07E835EA}"
EndProject
Project("{9A19103F-16F7-4668-BE54-9A1E7A4F7556}") = "10816", "10816\10816.csproj", "{9AE743D5-CDF2-46DB-AC7C-FD28B54E8132}"
EndProject
Project("{9A19103F-16F7-4668-BE54-9A1E7A4F7556}") = "1764", "1764\1764.csproj", "{9A8F98FA-ABD8-4D13-843C-A935FF382AC9}"
EndProject
Project("{9A19103F-16F7-4668-BE54-9A1E7A4F7556}") = "1269", "1269\1269.csproj", "{7926CA5D-333A-4FD2-9108-18A43FC469E3}"
EndProject
Project("{9A19103F-16F7-4668-BE54-9A1E7A4F7556}") = "11478", "11478\11478.csproj", "{CC03C0A7-E554-4109-A2BE-AB24397C9268}"
EndProject
Project("{9A19103F-16F7-4668-BE54-9A1E7A4F7556}") = "13241", "13241\13241.csproj", "{988F75E9-FFB3-404E-861E-DBABAD0D0C75}"
EndProject
Project("{9A19103F-16F7-4668-BE54-9A1E7A4F7556}") = "1735", "1735\1735.csproj", "{6E32558C-0748-446C-8BAA-0FE0CACD5D4C}"
EndProject
Project("{FAE04EC0-301F-11D3-BF4B-00C04F79EFBC}") = "2485", "2485\2485.csproj", "{5E0BCB91-FD3E-4224-88EE-EF9F256B7A11}"
EndProject
Project("{FAE04EC0-301F-11D3-BF4B-00C04F79EFBC}") = "4134", "4134\4134.csproj", "{791822FC-001D-42FC-82E8-1AA13540ABF6}"
EndProject
Global
	GlobalSection(SolutionConfigurationPlatforms) = preSolution
		Debug|Any CPU = Debug|Any CPU
		Release|Any CPU = Release|Any CPU
	EndGlobalSection
	GlobalSection(ProjectConfigurationPlatforms) = postSolution
		{D614F993-7D49-4DC5-A854-2FD00FBF7B5F}.Debug|Any CPU.ActiveCfg = Debug|Any CPU
		{D614F993-7D49-4DC5-A854-2FD00FBF7B5F}.Debug|Any CPU.Build.0 = Debug|Any CPU
		{D614F993-7D49-4DC5-A854-2FD00FBF7B5F}.Release|Any CPU.ActiveCfg = Release|Any CPU
		{D614F993-7D49-4DC5-A854-2FD00FBF7B5F}.Release|Any CPU.Build.0 = Release|Any CPU
		{4A6C362B-3868-4CB4-B841-F525D32D5534}.Debug|Any CPU.ActiveCfg = Debug|Any CPU
		{4A6C362B-3868-4CB4-B841-F525D32D5534}.Debug|Any CPU.Build.0 = Debug|Any CPU
		{4A6C362B-3868-4CB4-B841-F525D32D5534}.Release|Any CPU.ActiveCfg = Release|Any CPU
		{4A6C362B-3868-4CB4-B841-F525D32D5534}.Release|Any CPU.Build.0 = Release|Any CPU
		{DF7A082E-2A19-48FE-AD2F-2BCC7766CDE4}.Debug|Any CPU.ActiveCfg = Debug|Any CPU
		{DF7A082E-2A19-48FE-AD2F-2BCC7766CDE4}.Debug|Any CPU.Build.0 = Debug|Any CPU
		{DF7A082E-2A19-48FE-AD2F-2BCC7766CDE4}.Release|Any CPU.ActiveCfg = Release|Any CPU
		{DF7A082E-2A19-48FE-AD2F-2BCC7766CDE4}.Release|Any CPU.Build.0 = Release|Any CPU
		{D4ACEA50-287B-42D4-9135-E2D347E5F93B}.Debug|Any CPU.ActiveCfg = Debug|Any CPU
		{D4ACEA50-287B-42D4-9135-E2D347E5F93B}.Debug|Any CPU.Build.0 = Debug|Any CPU
		{D4ACEA50-287B-42D4-9135-E2D347E5F93B}.Release|Any CPU.ActiveCfg = Release|Any CPU
		{D4ACEA50-287B-42D4-9135-E2D347E5F93B}.Release|Any CPU.Build.0 = Release|Any CPU
		{721EDA00-3086-4834-8B32-1013FB66C843}.Debug|Any CPU.ActiveCfg = Debug|Any CPU
		{721EDA00-3086-4834-8B32-1013FB66C843}.Debug|Any CPU.Build.0 = Debug|Any CPU
		{721EDA00-3086-4834-8B32-1013FB66C843}.Release|Any CPU.ActiveCfg = Release|Any CPU
		{721EDA00-3086-4834-8B32-1013FB66C843}.Release|Any CPU.Build.0 = Release|Any CPU
		{76119B80-1833-44DF-9A49-C9E5AD4B7E50}.Debug|Any CPU.ActiveCfg = Debug|Any CPU
		{76119B80-1833-44DF-9A49-C9E5AD4B7E50}.Debug|Any CPU.Build.0 = Debug|Any CPU
		{76119B80-1833-44DF-9A49-C9E5AD4B7E50}.Release|Any CPU.ActiveCfg = Release|Any CPU
		{76119B80-1833-44DF-9A49-C9E5AD4B7E50}.Release|Any CPU.Build.0 = Release|Any CPU
		{817D24A9-8286-4431-BCE6-5418E40BFE41}.Debug|Any CPU.ActiveCfg = Debug|Any CPU
		{817D24A9-8286-4431-BCE6-5418E40BFE41}.Debug|Any CPU.Build.0 = Debug|Any CPU
		{817D24A9-8286-4431-BCE6-5418E40BFE41}.Release|Any CPU.ActiveCfg = Release|Any CPU
		{817D24A9-8286-4431-BCE6-5418E40BFE41}.Release|Any CPU.Build.0 = Release|Any CPU
		{60251DA4-2152-4B97-BA20-D2C5A7E79B95}.Debug|Any CPU.ActiveCfg = Debug|Any CPU
		{60251DA4-2152-4B97-BA20-D2C5A7E79B95}.Debug|Any CPU.Build.0 = Debug|Any CPU
		{60251DA4-2152-4B97-BA20-D2C5A7E79B95}.Release|Any CPU.ActiveCfg = Release|Any CPU
		{60251DA4-2152-4B97-BA20-D2C5A7E79B95}.Release|Any CPU.Build.0 = Release|Any CPU
		{1258A2E5-8102-44E4-B8D1-EB1A2D7F7727}.Debug|Any CPU.ActiveCfg = Debug|Any CPU
		{1258A2E5-8102-44E4-B8D1-EB1A2D7F7727}.Debug|Any CPU.Build.0 = Debug|Any CPU
		{1258A2E5-8102-44E4-B8D1-EB1A2D7F7727}.Release|Any CPU.ActiveCfg = Release|Any CPU
		{1258A2E5-8102-44E4-B8D1-EB1A2D7F7727}.Release|Any CPU.Build.0 = Release|Any CPU
		{EB2D1BED-DBF4-4133-8EA6-E94163A9D04D}.Debug|Any CPU.ActiveCfg = Debug|Any CPU
		{EB2D1BED-DBF4-4133-8EA6-E94163A9D04D}.Debug|Any CPU.Build.0 = Debug|Any CPU
		{EB2D1BED-DBF4-4133-8EA6-E94163A9D04D}.Release|Any CPU.ActiveCfg = Release|Any CPU
		{EB2D1BED-DBF4-4133-8EA6-E94163A9D04D}.Release|Any CPU.Build.0 = Release|Any CPU
		{472729E5-5B68-455D-9BEB-8F23A98CD48B}.Debug|Any CPU.ActiveCfg = Debug|Any CPU
		{472729E5-5B68-455D-9BEB-8F23A98CD48B}.Debug|Any CPU.Build.0 = Debug|Any CPU
		{472729E5-5B68-455D-9BEB-8F23A98CD48B}.Release|Any CPU.ActiveCfg = Release|Any CPU
		{472729E5-5B68-455D-9BEB-8F23A98CD48B}.Release|Any CPU.Build.0 = Release|Any CPU
		{DC15C9B3-6868-4C57-832A-3895BAC959EE}.Debug|Any CPU.ActiveCfg = Debug|Any CPU
		{DC15C9B3-6868-4C57-832A-3895BAC959EE}.Debug|Any CPU.Build.0 = Debug|Any CPU
		{DC15C9B3-6868-4C57-832A-3895BAC959EE}.Release|Any CPU.ActiveCfg = Release|Any CPU
		{DC15C9B3-6868-4C57-832A-3895BAC959EE}.Release|Any CPU.Build.0 = Release|Any CPU
		{43C62C13-7C63-4BDD-AA7A-73A3A28CDC07}.Debug|Any CPU.ActiveCfg = Debug|Any CPU
		{43C62C13-7C63-4BDD-AA7A-73A3A28CDC07}.Debug|Any CPU.Build.0 = Debug|Any CPU
		{43C62C13-7C63-4BDD-AA7A-73A3A28CDC07}.Release|Any CPU.ActiveCfg = Release|Any CPU
		{43C62C13-7C63-4BDD-AA7A-73A3A28CDC07}.Release|Any CPU.Build.0 = Release|Any CPU
		{0463D626-4CB9-4E30-9BA8-32E76F66E85A}.Debug|Any CPU.ActiveCfg = Debug|Any CPU
		{0463D626-4CB9-4E30-9BA8-32E76F66E85A}.Debug|Any CPU.Build.0 = Debug|Any CPU
		{0463D626-4CB9-4E30-9BA8-32E76F66E85A}.Release|Any CPU.ActiveCfg = Release|Any CPU
		{0463D626-4CB9-4E30-9BA8-32E76F66E85A}.Release|Any CPU.Build.0 = Release|Any CPU
		{B6AB82A5-D8EF-45F3-A305-7C685D9F9708}.Debug|Any CPU.ActiveCfg = Debug|Any CPU
		{B6AB82A5-D8EF-45F3-A305-7C685D9F9708}.Debug|Any CPU.Build.0 = Debug|Any CPU
		{B6AB82A5-D8EF-45F3-A305-7C685D9F9708}.Release|Any CPU.ActiveCfg = Release|Any CPU
		{B6AB82A5-D8EF-45F3-A305-7C685D9F9708}.Release|Any CPU.Build.0 = Release|Any CPU
		{36A01968-82DA-4560-8B0C-AFDC76AEBBEE}.Debug|Any CPU.ActiveCfg = Debug|Any CPU
		{36A01968-82DA-4560-8B0C-AFDC76AEBBEE}.Debug|Any CPU.Build.0 = Debug|Any CPU
		{36A01968-82DA-4560-8B0C-AFDC76AEBBEE}.Release|Any CPU.ActiveCfg = Release|Any CPU
		{36A01968-82DA-4560-8B0C-AFDC76AEBBEE}.Release|Any CPU.Build.0 = Release|Any CPU
		{897DA6A9-DC7F-4707-9950-CE6061A0A9C6}.Debug|Any CPU.ActiveCfg = Debug|Any CPU
		{897DA6A9-DC7F-4707-9950-CE6061A0A9C6}.Debug|Any CPU.Build.0 = Debug|Any CPU
		{897DA6A9-DC7F-4707-9950-CE6061A0A9C6}.Release|Any CPU.ActiveCfg = Release|Any CPU
		{897DA6A9-DC7F-4707-9950-CE6061A0A9C6}.Release|Any CPU.Build.0 = Release|Any CPU
		{D481DF55-B657-443F-A868-6CDCBE7C9DF7}.Debug|Any CPU.ActiveCfg = Debug|Any CPU
		{D481DF55-B657-443F-A868-6CDCBE7C9DF7}.Debug|Any CPU.Build.0 = Debug|Any CPU
		{D481DF55-B657-443F-A868-6CDCBE7C9DF7}.Release|Any CPU.ActiveCfg = Release|Any CPU
		{D481DF55-B657-443F-A868-6CDCBE7C9DF7}.Release|Any CPU.Build.0 = Release|Any CPU
		{C5F34D25-4F08-4D3F-B214-F5B1DF154D8A}.Debug|Any CPU.ActiveCfg = Debug|Any CPU
		{C5F34D25-4F08-4D3F-B214-F5B1DF154D8A}.Debug|Any CPU.Build.0 = Debug|Any CPU
		{C5F34D25-4F08-4D3F-B214-F5B1DF154D8A}.Release|Any CPU.ActiveCfg = Release|Any CPU
		{C5F34D25-4F08-4D3F-B214-F5B1DF154D8A}.Release|Any CPU.Build.0 = Release|Any CPU
		{750773F2-BA5A-4783-902C-AF3B6899CB83}.Debug|Any CPU.ActiveCfg = Debug|Any CPU
		{750773F2-BA5A-4783-902C-AF3B6899CB83}.Debug|Any CPU.Build.0 = Debug|Any CPU
		{750773F2-BA5A-4783-902C-AF3B6899CB83}.Release|Any CPU.ActiveCfg = Release|Any CPU
		{750773F2-BA5A-4783-902C-AF3B6899CB83}.Release|Any CPU.Build.0 = Release|Any CPU
		{54FBE552-7ABF-4DD3-9A1F-89F22AADA54E}.Debug|Any CPU.ActiveCfg = Debug|Any CPU
		{54FBE552-7ABF-4DD3-9A1F-89F22AADA54E}.Debug|Any CPU.Build.0 = Debug|Any CPU
		{54FBE552-7ABF-4DD3-9A1F-89F22AADA54E}.Release|Any CPU.ActiveCfg = Release|Any CPU
		{54FBE552-7ABF-4DD3-9A1F-89F22AADA54E}.Release|Any CPU.Build.0 = Release|Any CPU
		{953E140A-C50D-4406-86D9-6DC968CA4639}.Debug|Any CPU.ActiveCfg = Debug|Any CPU
		{953E140A-C50D-4406-86D9-6DC968CA4639}.Debug|Any CPU.Build.0 = Debug|Any CPU
		{953E140A-C50D-4406-86D9-6DC968CA4639}.Release|Any CPU.ActiveCfg = Release|Any CPU
		{953E140A-C50D-4406-86D9-6DC968CA4639}.Release|Any CPU.Build.0 = Release|Any CPU
		{FF6F3088-27DB-4BD3-9FBD-385C4668CDC7}.Debug|Any CPU.ActiveCfg = Debug|Any CPU
		{FF6F3088-27DB-4BD3-9FBD-385C4668CDC7}.Debug|Any CPU.Build.0 = Debug|Any CPU
		{FF6F3088-27DB-4BD3-9FBD-385C4668CDC7}.Release|Any CPU.ActiveCfg = Release|Any CPU
		{FF6F3088-27DB-4BD3-9FBD-385C4668CDC7}.Release|Any CPU.Build.0 = Release|Any CPU
		{D5552859-99A8-43D5-87A4-3E201AAD60B8}.Debug|Any CPU.ActiveCfg = Debug|Any CPU
		{D5552859-99A8-43D5-87A4-3E201AAD60B8}.Debug|Any CPU.Build.0 = Debug|Any CPU
		{D5552859-99A8-43D5-87A4-3E201AAD60B8}.Release|Any CPU.ActiveCfg = Release|Any CPU
		{D5552859-99A8-43D5-87A4-3E201AAD60B8}.Release|Any CPU.Build.0 = Release|Any CPU
		{06F36EBB-2578-43BE-88AC-303C9E70D2CE}.Debug|Any CPU.ActiveCfg = Debug|Any CPU
		{06F36EBB-2578-43BE-88AC-303C9E70D2CE}.Debug|Any CPU.Build.0 = Debug|Any CPU
		{06F36EBB-2578-43BE-88AC-303C9E70D2CE}.Release|Any CPU.ActiveCfg = Release|Any CPU
		{06F36EBB-2578-43BE-88AC-303C9E70D2CE}.Release|Any CPU.Build.0 = Release|Any CPU
		{286C7C53-5547-4A01-9FC3-C31109ED4645}.Debug|Any CPU.ActiveCfg = Debug|Any CPU
		{286C7C53-5547-4A01-9FC3-C31109ED4645}.Debug|Any CPU.Build.0 = Debug|Any CPU
		{286C7C53-5547-4A01-9FC3-C31109ED4645}.Release|Any CPU.ActiveCfg = Release|Any CPU
		{286C7C53-5547-4A01-9FC3-C31109ED4645}.Release|Any CPU.Build.0 = Release|Any CPU
		{24394F24-CD1C-42CB-A49B-97BD83C92F6F}.Debug|Any CPU.ActiveCfg = Debug|Any CPU
		{24394F24-CD1C-42CB-A49B-97BD83C92F6F}.Debug|Any CPU.Build.0 = Debug|Any CPU
		{24394F24-CD1C-42CB-A49B-97BD83C92F6F}.Release|Any CPU.ActiveCfg = Release|Any CPU
		{24394F24-CD1C-42CB-A49B-97BD83C92F6F}.Release|Any CPU.Build.0 = Release|Any CPU
		{E1D98539-1B70-45FE-B351-A1CF28B621E5}.Debug|Any CPU.ActiveCfg = Debug|Any CPU
		{E1D98539-1B70-45FE-B351-A1CF28B621E5}.Debug|Any CPU.Build.0 = Debug|Any CPU
		{E1D98539-1B70-45FE-B351-A1CF28B621E5}.Release|Any CPU.ActiveCfg = Release|Any CPU
		{E1D98539-1B70-45FE-B351-A1CF28B621E5}.Release|Any CPU.Build.0 = Release|Any CPU
		{3204C25E-3C6E-4596-A5C0-132F379B9828}.Debug|Any CPU.ActiveCfg = Debug|Any CPU
		{3204C25E-3C6E-4596-A5C0-132F379B9828}.Debug|Any CPU.Build.0 = Debug|Any CPU
		{3204C25E-3C6E-4596-A5C0-132F379B9828}.Release|Any CPU.ActiveCfg = Release|Any CPU
		{3204C25E-3C6E-4596-A5C0-132F379B9828}.Release|Any CPU.Build.0 = Release|Any CPU
		{B3B9856D-FF44-4DAA-B393-120A7322A248}.Debug|Any CPU.ActiveCfg = Debug|Any CPU
		{B3B9856D-FF44-4DAA-B393-120A7322A248}.Debug|Any CPU.Build.0 = Debug|Any CPU
		{B3B9856D-FF44-4DAA-B393-120A7322A248}.Release|Any CPU.ActiveCfg = Release|Any CPU
		{B3B9856D-FF44-4DAA-B393-120A7322A248}.Release|Any CPU.Build.0 = Release|Any CPU
		{5431B42C-3F9A-4D14-90F1-85B4176BFC86}.Debug|Any CPU.ActiveCfg = Debug|Any CPU
		{5431B42C-3F9A-4D14-90F1-85B4176BFC86}.Debug|Any CPU.Build.0 = Debug|Any CPU
		{5431B42C-3F9A-4D14-90F1-85B4176BFC86}.Release|Any CPU.ActiveCfg = Release|Any CPU
		{5431B42C-3F9A-4D14-90F1-85B4176BFC86}.Release|Any CPU.Build.0 = Release|Any CPU
		{3A3FF930-70D2-4E65-9573-53E98986DE55}.Debug|Any CPU.ActiveCfg = Debug|Any CPU
		{3A3FF930-70D2-4E65-9573-53E98986DE55}.Debug|Any CPU.Build.0 = Debug|Any CPU
		{3A3FF930-70D2-4E65-9573-53E98986DE55}.Release|Any CPU.ActiveCfg = Release|Any CPU
		{3A3FF930-70D2-4E65-9573-53E98986DE55}.Release|Any CPU.Build.0 = Release|Any CPU
		{9720F0E8-9782-4CC0-8537-30E3C71580FB}.Debug|Any CPU.ActiveCfg = Debug|Any CPU
		{9720F0E8-9782-4CC0-8537-30E3C71580FB}.Debug|Any CPU.Build.0 = Debug|Any CPU
		{9720F0E8-9782-4CC0-8537-30E3C71580FB}.Release|Any CPU.ActiveCfg = Release|Any CPU
		{9720F0E8-9782-4CC0-8537-30E3C71580FB}.Release|Any CPU.Build.0 = Release|Any CPU
		{4FAF65CE-F45B-4D4E-A31D-D7BE07E835EA}.Debug|Any CPU.ActiveCfg = Debug|Any CPU
		{4FAF65CE-F45B-4D4E-A31D-D7BE07E835EA}.Debug|Any CPU.Build.0 = Debug|Any CPU
		{4FAF65CE-F45B-4D4E-A31D-D7BE07E835EA}.Release|Any CPU.ActiveCfg = Release|Any CPU
		{4FAF65CE-F45B-4D4E-A31D-D7BE07E835EA}.Release|Any CPU.Build.0 = Release|Any CPU
		{9AE743D5-CDF2-46DB-AC7C-FD28B54E8132}.Debug|Any CPU.ActiveCfg = Debug|Any CPU
		{9AE743D5-CDF2-46DB-AC7C-FD28B54E8132}.Debug|Any CPU.Build.0 = Debug|Any CPU
		{9AE743D5-CDF2-46DB-AC7C-FD28B54E8132}.Release|Any CPU.ActiveCfg = Release|Any CPU
		{9AE743D5-CDF2-46DB-AC7C-FD28B54E8132}.Release|Any CPU.Build.0 = Release|Any CPU
		{9A8F98FA-ABD8-4D13-843C-A935FF382AC9}.Debug|Any CPU.ActiveCfg = Debug|Any CPU
		{9A8F98FA-ABD8-4D13-843C-A935FF382AC9}.Debug|Any CPU.Build.0 = Debug|Any CPU
		{9A8F98FA-ABD8-4D13-843C-A935FF382AC9}.Release|Any CPU.ActiveCfg = Release|Any CPU
		{9A8F98FA-ABD8-4D13-843C-A935FF382AC9}.Release|Any CPU.Build.0 = Release|Any CPU
		{7926CA5D-333A-4FD2-9108-18A43FC469E3}.Debug|Any CPU.ActiveCfg = Debug|Any CPU
		{7926CA5D-333A-4FD2-9108-18A43FC469E3}.Debug|Any CPU.Build.0 = Debug|Any CPU
		{7926CA5D-333A-4FD2-9108-18A43FC469E3}.Release|Any CPU.ActiveCfg = Release|Any CPU
		{7926CA5D-333A-4FD2-9108-18A43FC469E3}.Release|Any CPU.Build.0 = Release|Any CPU
		{CC03C0A7-E554-4109-A2BE-AB24397C9268}.Debug|Any CPU.ActiveCfg = Debug|Any CPU
		{CC03C0A7-E554-4109-A2BE-AB24397C9268}.Debug|Any CPU.Build.0 = Debug|Any CPU
		{CC03C0A7-E554-4109-A2BE-AB24397C9268}.Release|Any CPU.ActiveCfg = Release|Any CPU
		{CC03C0A7-E554-4109-A2BE-AB24397C9268}.Release|Any CPU.Build.0 = Release|Any CPU
		{988F75E9-FFB3-404E-861E-DBABAD0D0C75}.Debug|Any CPU.ActiveCfg = Debug|Any CPU
		{988F75E9-FFB3-404E-861E-DBABAD0D0C75}.Debug|Any CPU.Build.0 = Debug|Any CPU
		{988F75E9-FFB3-404E-861E-DBABAD0D0C75}.Release|Any CPU.ActiveCfg = Release|Any CPU
		{988F75E9-FFB3-404E-861E-DBABAD0D0C75}.Release|Any CPU.Build.0 = Release|Any CPU
		{6E32558C-0748-446C-8BAA-0FE0CACD5D4C}.Debug|Any CPU.ActiveCfg = Debug|Any CPU
		{6E32558C-0748-446C-8BAA-0FE0CACD5D4C}.Debug|Any CPU.Build.0 = Debug|Any CPU
		{6E32558C-0748-446C-8BAA-0FE0CACD5D4C}.Release|Any CPU.ActiveCfg = Release|Any CPU
		{6E32558C-0748-446C-8BAA-0FE0CACD5D4C}.Release|Any CPU.Build.0 = Release|Any CPU
		{5E0BCB91-FD3E-4224-88EE-EF9F256B7A11}.Debug|Any CPU.ActiveCfg = Debug|Any CPU
		{5E0BCB91-FD3E-4224-88EE-EF9F256B7A11}.Debug|Any CPU.Build.0 = Debug|Any CPU
		{5E0BCB91-FD3E-4224-88EE-EF9F256B7A11}.Release|Any CPU.ActiveCfg = Release|Any CPU
		{5E0BCB91-FD3E-4224-88EE-EF9F256B7A11}.Release|Any CPU.Build.0 = Release|Any CPU
		{791822FC-001D-42FC-82E8-1AA13540ABF6}.Debug|Any CPU.ActiveCfg = Debug|Any CPU
		{791822FC-001D-42FC-82E8-1AA13540ABF6}.Debug|Any CPU.Build.0 = Debug|Any CPU
		{791822FC-001D-42FC-82E8-1AA13540ABF6}.Release|Any CPU.ActiveCfg = Release|Any CPU
		{791822FC-001D-42FC-82E8-1AA13540ABF6}.Release|Any CPU.Build.0 = Release|Any CPU
	EndGlobalSection
	GlobalSection(SolutionProperties) = preSolution
		HideSolutionNode = FALSE
	EndGlobalSection
	GlobalSection(ExtensibilityGlobals) = postSolution
		SolutionGuid = {A2593B5F-F8B7-4458-BD33-3BD96520ECFD}
	EndGlobalSection
EndGlobal
