
Microsoft Visual Studio Solution File, Format Version 12.00
# Visual Studio Version 17
VisualStudioVersion = 17.9.34714.143
MinimumVisualStudioVersion = 10.0.40219.1
Project("{9A19103F-16F7-4668-BE54-9A1E7A4F7556}") = "_11399", "BaekjoonAlgorithm\_11399.csproj", "{D614F993-7D49-4DC5-A854-2FD00FBF7B5F}"
EndProject
Project("{9A19103F-16F7-4668-BE54-9A1E7A4F7556}") = "1026", "1026\1026.csproj", "{4A6C362B-3868-4CB4-B841-F525D32D5534}"
EndProject
Project("{9A19103F-16F7-4668-BE54-9A1E7A4F7556}") = "2108", "2108\2108.csproj", "{DF7A082E-2A19-48FE-AD2F-2BCC7766CDE4}"
EndProject
Project("{9A19103F-16F7-4668-BE54-9A1E7A4F7556}") = "2751", "2751\2751.csproj", "{D4ACEA50-287B-42D4-9135-E2D347E5F93B}"
EndProject
Project("{9A19103F-16F7-4668-BE54-9A1E7A4F7556}") = "1260", "1260\1260.csproj", "{721EDA00-3086-4834-8B32-1013FB66C843}"
EndProject
Project("{9A19103F-16F7-4668-BE54-9A1E7A4F7556}") = "2667", "2667\2667.csproj", "{76119B80-1833-44DF-9A49-C9E5AD4B7E50}"
EndProject
Project("{9A19103F-16F7-4668-BE54-9A1E7A4F7556}") = "2178", "2178\2178.csproj", "{817D24A9-8286-4431-BCE6-5418E40BFE41}"
EndProject
Project("{9A19103F-16F7-4668-BE54-9A1E7A4F7556}") = "1012", "1012\1012.csproj", "{60251DA4-2152-4B97-BA20-D2C5A7E79B95}"
EndProject
Project("{FAE04EC0-301F-11D3-BF4B-00C04F79EFBC}") = "11724", "11724\11724.csproj", "{1258A2E5-8102-44E4-B8D1-EB1A2D7F7727}"
EndProject
Project("{FAE04EC0-301F-11D3-BF4B-00C04F79EFBC}") = "11725", "11725\11725.csproj", "{EB2D1BED-DBF4-4133-8EA6-E94163A9D04D}"
EndProject
Global
	GlobalSection(SolutionConfigurationPlatforms) = preSolution
		Debug|Any CPU = Debug|Any CPU
		Release|Any CPU = Release|Any CPU
	EndGlobalSection
	GlobalSection(ProjectConfigurationPlatforms) = postSolution
		{D614F993-7D49-4DC5-A854-2FD00FBF7B5F}.Debug|Any CPU.ActiveCfg = Debug|Any CPU
		{D614F993-7D49-4DC5-A854-2FD00FBF7B5F}.Debug|Any CPU.Build.0 = Debug|Any CPU
		{D614F993-7D49-4DC5-A854-2FD00FBF7B5F}.Release|Any CPU.ActiveCfg = Release|Any CPU
		{D614F993-7D49-4DC5-A854-2FD00FBF7B5F}.Release|Any CPU.Build.0 = Release|Any CPU
		{4A6C362B-3868-4CB4-B841-F525D32D5534}.Debug|Any CPU.ActiveCfg = Debug|Any CPU
		{4A6C362B-3868-4CB4-B841-F525D32D5534}.Debug|Any CPU.Build.0 = Debug|Any CPU
		{4A6C362B-3868-4CB4-B841-F525D32D5534}.Release|Any CPU.ActiveCfg = Release|Any CPU
		{4A6C362B-3868-4CB4-B841-F525D32D5534}.Release|Any CPU.Build.0 = Release|Any CPU
		{DF7A082E-2A19-48FE-AD2F-2BCC7766CDE4}.Debug|Any CPU.ActiveCfg = Debug|Any CPU
		{DF7A082E-2A19-48FE-AD2F-2BCC7766CDE4}.Debug|Any CPU.Build.0 = Debug|Any CPU
		{DF7A082E-2A19-48FE-AD2F-2BCC7766CDE4}.Release|Any CPU.ActiveCfg = Release|Any CPU
		{DF7A082E-2A19-48FE-AD2F-2BCC7766CDE4}.Release|Any CPU.Build.0 = Release|Any CPU
		{D4ACEA50-287B-42D4-9135-E2D347E5F93B}.Debug|Any CPU.ActiveCfg = Debug|Any CPU
		{D4ACEA50-287B-42D4-9135-E2D347E5F93B}.Debug|Any CPU.Build.0 = Debug|Any CPU
		{D4ACEA50-287B-42D4-9135-E2D347E5F93B}.Release|Any CPU.ActiveCfg = Release|Any CPU
		{D4ACEA50-287B-42D4-9135-E2D347E5F93B}.Release|Any CPU.Build.0 = Release|Any CPU
		{721EDA00-3086-4834-8B32-1013FB66C843}.Debug|Any CPU.ActiveCfg = Debug|Any CPU
		{721EDA00-3086-4834-8B32-1013FB66C843}.Debug|Any CPU.Build.0 = Debug|Any CPU
		{721EDA00-3086-4834-8B32-1013FB66C843}.Release|Any CPU.ActiveCfg = Release|Any CPU
		{721EDA00-3086-4834-8B32-1013FB66C843}.Release|Any CPU.Build.0 = Release|Any CPU
		{76119B80-1833-44DF-9A49-C9E5AD4B7E50}.Debug|Any CPU.ActiveCfg = Debug|Any CPU
		{76119B80-1833-44DF-9A49-C9E5AD4B7E50}.Debug|Any CPU.Build.0 = Debug|Any CPU
		{76119B80-1833-44DF-9A49-C9E5AD4B7E50}.Release|Any CPU.ActiveCfg = Release|Any CPU
		{76119B80-1833-44DF-9A49-C9E5AD4B7E50}.Release|Any CPU.Build.0 = Release|Any CPU
		{817D24A9-8286-4431-BCE6-5418E40BFE41}.Debug|Any CPU.ActiveCfg = Debug|Any CPU
		{817D24A9-8286-4431-BCE6-5418E40BFE41}.Debug|Any CPU.Build.0 = Debug|Any CPU
		{817D24A9-8286-4431-BCE6-5418E40BFE41}.Release|Any CPU.ActiveCfg = Release|Any CPU
		{817D24A9-8286-4431-BCE6-5418E40BFE41}.Release|Any CPU.Build.0 = Release|Any CPU
		{60251DA4-2152-4B97-BA20-D2C5A7E79B95}.Debug|Any CPU.ActiveCfg = Debug|Any CPU
		{60251DA4-2152-4B97-BA20-D2C5A7E79B95}.Debug|Any CPU.Build.0 = Debug|Any CPU
		{60251DA4-2152-4B97-BA20-D2C5A7E79B95}.Release|Any CPU.ActiveCfg = Release|Any CPU
		{60251DA4-2152-4B97-BA20-D2C5A7E79B95}.Release|Any CPU.Build.0 = Release|Any CPU
		{1258A2E5-8102-44E4-B8D1-EB1A2D7F7727}.Debug|Any CPU.ActiveCfg = Debug|Any CPU
		{1258A2E5-8102-44E4-B8D1-EB1A2D7F7727}.Debug|Any CPU.Build.0 = Debug|Any CPU
		{1258A2E5-8102-44E4-B8D1-EB1A2D7F7727}.Release|Any CPU.ActiveCfg = Release|Any CPU
		{1258A2E5-8102-44E4-B8D1-EB1A2D7F7727}.Release|Any CPU.Build.0 = Release|Any CPU
		{EB2D1BED-DBF4-4133-8EA6-E94163A9D04D}.Debug|Any CPU.ActiveCfg = Debug|Any CPU
		{EB2D1BED-DBF4-4133-8EA6-E94163A9D04D}.Debug|Any CPU.Build.0 = Debug|Any CPU
		{EB2D1BED-DBF4-4133-8EA6-E94163A9D04D}.Release|Any CPU.ActiveCfg = Release|Any CPU
		{EB2D1BED-DBF4-4133-8EA6-E94163A9D04D}.Release|Any CPU.Build.0 = Release|Any CPU
	EndGlobalSection
	GlobalSection(SolutionProperties) = preSolution
		HideSolutionNode = FALSE
	EndGlobalSection
	GlobalSection(ExtensibilityGlobals) = postSolution
		SolutionGuid = {A2593B5F-F8B7-4458-BD33-3BD96520ECFD}
	EndGlobalSection
EndGlobal
